
Microsoft Visual Studio Solution File, Format Version 12.00
# Visual Studio Version 16
VisualStudioVersion = 16.0.29709.97
MinimumVisualStudioVersion = 10.0.40219.1
Project("{FAE04EC0-301F-11D3-BF4B-00C04F79EFBC}") = "Collections", "Collections\Collections.csproj", "{28357EF9-149A-4E1A-A28F-8ADC2F483399}"
EndProject
Global
	GlobalSection(SolutionConfigurationPlatforms) = preSolution
		Debug|Any CPU = Debug|Any CPU
		Release|Any CPU = Release|Any CPU
	EndGlobalSection
	GlobalSection(ProjectConfigurationPlatforms) = postSolution
		{28357EF9-149A-4E1A-A28F-8ADC2F483399}.Debug|Any CPU.ActiveCfg = Debug|Any CPU
		{28357EF9-149A-4E1A-A28F-8ADC2F483399}.Debug|Any CPU.Build.0 = Debug|Any CPU
		{28357EF9-149A-4E1A-A28F-8ADC2F483399}.Release|Any CPU.ActiveCfg = Release|Any CPU
		{28357EF9-149A-4E1A-A28F-8ADC2F483399}.Release|Any CPU.Build.0 = Release|Any CPU
	EndGlobalSection
	GlobalSection(SolutionProperties) = preSolution
		HideSolutionNode = FALSE
	EndGlobalSection
	GlobalSection(ExtensibilityGlobals) = postSolution
		SolutionGuid = {4AB8BC4E-E198-4D92-9B02-93260131DA12}
	EndGlobalSection
EndGlobal
